// !$*UTF8*$!
{
	archiveVersion = 1;
	classes = {
	};
	objectVersion = 56;
	objects = {

/* Begin PBXBuildFile section */
		6289A613292F2E1D0090849E /* ARContainerView.swift in Sources */ = {isa = PBXBuildFile; fileRef = 6289A612292F2E1D0090849E /* ARContainerView.swift */; };
		6289A615292F33E40090849E /* ARContainerViewDelegate.swift in Sources */ = {isa = PBXBuildFile; fileRef = 6289A614292F33E40090849E /* ARContainerViewDelegate.swift */; };
		6289A617292F5C570090849E /* ARContainerViewDelegateError.swift in Sources */ = {isa = PBXBuildFile; fileRef = 6289A616292F5C570090849E /* ARContainerViewDelegateError.swift */; };
		628AF6F42934EE6B001BBEDE /* Localizable.strings in Resources */ = {isa = PBXBuildFile; fileRef = 628AF6F62934EE6B001BBEDE /* Localizable.strings */; };
		628AF6F92934F108001BBEDE /* README.md in Resources */ = {isa = PBXBuildFile; fileRef = 628AF6F82934F108001BBEDE /* README.md */; };
		628AF6FB2934F119001BBEDE /* LICENSE in Resources */ = {isa = PBXBuildFile; fileRef = 628AF6FA2934F119001BBEDE /* LICENSE */; };
		62A9A122292FCDE6000776F2 /* VibrancyView.swift in Sources */ = {isa = PBXBuildFile; fileRef = 62A9A121292FCDE6000776F2 /* VibrancyView.swift */; };
		62B1C9B72928E095009F3EE3 /* PhotogrammetryApp.swift in Sources */ = {isa = PBXBuildFile; fileRef = 62B1C9B62928E095009F3EE3 /* PhotogrammetryApp.swift */; };
		62B1C9B92928E095009F3EE3 /* ContentView.swift in Sources */ = {isa = PBXBuildFile; fileRef = 62B1C9B82928E095009F3EE3 /* ContentView.swift */; };
		62B1C9BB2928E096009F3EE3 /* Assets.xcassets in Resources */ = {isa = PBXBuildFile; fileRef = 62B1C9BA2928E096009F3EE3 /* Assets.xcassets */; };
		62B1C9CC2928FF80009F3EE3 /* InputView.swift in Sources */ = {isa = PBXBuildFile; fileRef = 62B1C9CB2928FF80009F3EE3 /* InputView.swift */; };
		62B1C9D3292B8616009F3EE3 /* OnDropDelegate.swift in Sources */ = {isa = PBXBuildFile; fileRef = 62B1C9D2292B8616009F3EE3 /* OnDropDelegate.swift */; };
		62B1C9D6292B89F8009F3EE3 /* ApplicationViewState.swift in Sources */ = {isa = PBXBuildFile; fileRef = 62B1C9D5292B89F8009F3EE3 /* ApplicationViewState.swift */; };
		62B1C9DA292CAED5009F3EE3 /* ConfigurationView.swift in Sources */ = {isa = PBXBuildFile; fileRef = 62B1C9D9292CAED5009F3EE3 /* ConfigurationView.swift */; };
		62B1C9DC292CB1C2009F3EE3 /* URL.swift in Sources */ = {isa = PBXBuildFile; fileRef = 62B1C9DB292CB1C2009F3EE3 /* URL.swift */; };
		62B1C9DE292CC3F6009F3EE3 /* PhotogrammetryDelegate.swift in Sources */ = {isa = PBXBuildFile; fileRef = 62B1C9DD292CC3F6009F3EE3 /* PhotogrammetryDelegate.swift */; };
		62B1C9E0292CF924009F3EE3 /* PhotogrammetrySession.swift in Sources */ = {isa = PBXBuildFile; fileRef = 62B1C9DF292CF924009F3EE3 /* PhotogrammetrySession.swift */; };
		62B1C9E4292D2F2A009F3EE3 /* ProcessingView.swift in Sources */ = {isa = PBXBuildFile; fileRef = 62B1C9E3292D2F2A009F3EE3 /* ProcessingView.swift */; };
		62B1C9E6292D2F86009F3EE3 /* ExportView.swift in Sources */ = {isa = PBXBuildFile; fileRef = 62B1C9E5292D2F86009F3EE3 /* ExportView.swift */; };
		62E30860292DD9BA00AFD0DD /* PhotogrammetryDelegateError.swift in Sources */ = {isa = PBXBuildFile; fileRef = 62E3085F292DD9BA00AFD0DD /* PhotogrammetryDelegateError.swift */; };
/* End PBXBuildFile section */

/* Begin PBXFileReference section */
		6289A612292F2E1D0090849E /* ARContainerView.swift */ = {isa = PBXFileReference; lastKnownFileType = sourcecode.swift; path = ARContainerView.swift; sourceTree = "<group>"; };
		6289A614292F33E40090849E /* ARContainerViewDelegate.swift */ = {isa = PBXFileReference; lastKnownFileType = sourcecode.swift; path = ARContainerViewDelegate.swift; sourceTree = "<group>"; };
		6289A616292F5C570090849E /* ARContainerViewDelegateError.swift */ = {isa = PBXFileReference; lastKnownFileType = sourcecode.swift; path = ARContainerViewDelegateError.swift; sourceTree = "<group>"; };
		628AF6F52934EE6B001BBEDE /* en */ = {isa = PBXFileReference; lastKnownFileType = text.plist.strings; name = en; path = en.lproj/Localizable.strings; sourceTree = "<group>"; };
		628AF6F82934F108001BBEDE /* README.md */ = {isa = PBXFileReference; fileEncoding = 4; lastKnownFileType = net.daringfireball.markdown; path = README.md; sourceTree = "<group>"; };
		628AF6FA2934F119001BBEDE /* LICENSE */ = {isa = PBXFileReference; fileEncoding = 4; lastKnownFileType = text; path = LICENSE; sourceTree = "<group>"; };
		62A9A121292FCDE6000776F2 /* VibrancyView.swift */ = {isa = PBXFileReference; lastKnownFileType = sourcecode.swift; path = VibrancyView.swift; sourceTree = "<group>"; };
		62B1C9B32928E095009F3EE3 /* Photogrammetry.app */ = {isa = PBXFileReference; explicitFileType = wrapper.application; includeInIndex = 0; path = Photogrammetry.app; sourceTree = BUILT_PRODUCTS_DIR; };
		62B1C9B62928E095009F3EE3 /* PhotogrammetryApp.swift */ = {isa = PBXFileReference; lastKnownFileType = sourcecode.swift; path = PhotogrammetryApp.swift; sourceTree = "<group>"; };
		62B1C9B82928E095009F3EE3 /* ContentView.swift */ = {isa = PBXFileReference; lastKnownFileType = sourcecode.swift; path = ContentView.swift; sourceTree = "<group>"; };
		62B1C9BA2928E096009F3EE3 /* Assets.xcassets */ = {isa = PBXFileReference; lastKnownFileType = folder.assetcatalog; path = Assets.xcassets; sourceTree = "<group>"; };
		62B1C9BF2928E096009F3EE3 /* Photogrammetry.entitlements */ = {isa = PBXFileReference; lastKnownFileType = text.plist.entitlements; path = Photogrammetry.entitlements; sourceTree = "<group>"; };
		62B1C9CB2928FF80009F3EE3 /* InputView.swift */ = {isa = PBXFileReference; lastKnownFileType = sourcecode.swift; path = InputView.swift; sourceTree = "<group>"; };
		62B1C9D2292B8616009F3EE3 /* OnDropDelegate.swift */ = {isa = PBXFileReference; lastKnownFileType = sourcecode.swift; path = OnDropDelegate.swift; sourceTree = "<group>"; };
		62B1C9D5292B89F8009F3EE3 /* ApplicationViewState.swift */ = {isa = PBXFileReference; lastKnownFileType = sourcecode.swift; path = ApplicationViewState.swift; sourceTree = "<group>"; };
		62B1C9D9292CAED5009F3EE3 /* ConfigurationView.swift */ = {isa = PBXFileReference; lastKnownFileType = sourcecode.swift; path = ConfigurationView.swift; sourceTree = "<group>"; };
		62B1C9DB292CB1C2009F3EE3 /* URL.swift */ = {isa = PBXFileReference; lastKnownFileType = sourcecode.swift; path = URL.swift; sourceTree = "<group>"; };
		62B1C9DD292CC3F6009F3EE3 /* PhotogrammetryDelegate.swift */ = {isa = PBXFileReference; lastKnownFileType = sourcecode.swift; path = PhotogrammetryDelegate.swift; sourceTree = "<group>"; };
		62B1C9DF292CF924009F3EE3 /* PhotogrammetrySession.swift */ = {isa = PBXFileReference; lastKnownFileType = sourcecode.swift; path = PhotogrammetrySession.swift; sourceTree = "<group>"; };
		62B1C9E3292D2F2A009F3EE3 /* ProcessingView.swift */ = {isa = PBXFileReference; lastKnownFileType = sourcecode.swift; path = ProcessingView.swift; sourceTree = "<group>"; };
		62B1C9E5292D2F86009F3EE3 /* ExportView.swift */ = {isa = PBXFileReference; lastKnownFileType = sourcecode.swift; path = ExportView.swift; sourceTree = "<group>"; };
		62E3085F292DD9BA00AFD0DD /* PhotogrammetryDelegateError.swift */ = {isa = PBXFileReference; lastKnownFileType = sourcecode.swift; path = PhotogrammetryDelegateError.swift; sourceTree = "<group>"; };
/* End PBXFileReference section */

/* Begin PBXFrameworksBuildPhase section */
		62B1C9B02928E095009F3EE3 /* Frameworks */ = {
			isa = PBXFrameworksBuildPhase;
			buildActionMask = 2147483647;
			files = (
			);
			runOnlyForDeploymentPostprocessing = 0;
		};
/* End PBXFrameworksBuildPhase section */

/* Begin PBXGroup section */
		628AF6F72934F0CD001BBEDE /* Resources */ = {
			isa = PBXGroup;
			children = (
				628AF6F62934EE6B001BBEDE /* Localizable.strings */,
			);
			path = Resources;
			sourceTree = "<group>";
		};
		62B1C9AA2928E095009F3EE3 = {
			isa = PBXGroup;
			children = (
				628AF6F82934F108001BBEDE /* README.md */,
				628AF6FA2934F119001BBEDE /* LICENSE */,
				62B1C9B52928E095009F3EE3 /* Photogrammetry */,
				62B1C9B42928E095009F3EE3 /* Products */,
			);
			sourceTree = "<group>";
		};
		62B1C9B42928E095009F3EE3 /* Products */ = {
			isa = PBXGroup;
			children = (
				62B1C9B32928E095009F3EE3 /* Photogrammetry.app */,
			);
			name = Products;
			sourceTree = "<group>";
		};
		62B1C9B52928E095009F3EE3 /* Photogrammetry */ = {
			isa = PBXGroup;
			children = (
				62B1C9D4292B89DA009F3EE3 /* Types */,
				62B1C9C52928E81D009F3EE3 /* Extensions */,
				62B1C9C82928EA3A009F3EE3 /* UI */,
				62B1C9CD292900CF009F3EE3 /* Delegate */,
				628AF6F72934F0CD001BBEDE /* Resources */,
				62B1C9B62928E095009F3EE3 /* PhotogrammetryApp.swift */,
				62B1C9BA2928E096009F3EE3 /* Assets.xcassets */,
				62B1C9BF2928E096009F3EE3 /* Photogrammetry.entitlements */,
			);
			path = Photogrammetry;
			sourceTree = "<group>";
		};
		62B1C9C52928E81D009F3EE3 /* Extensions */ = {
			isa = PBXGroup;
			children = (
				62B1C9DB292CB1C2009F3EE3 /* URL.swift */,
				62B1C9DF292CF924009F3EE3 /* PhotogrammetrySession.swift */,
			);
			path = Extensions;
			sourceTree = "<group>";
		};
		62B1C9C82928EA3A009F3EE3 /* UI */ = {
			isa = PBXGroup;
			children = (
				62B1C9B82928E095009F3EE3 /* ContentView.swift */,
				62B1C9CB2928FF80009F3EE3 /* InputView.swift */,
				62B1C9D9292CAED5009F3EE3 /* ConfigurationView.swift */,
				62B1C9E3292D2F2A009F3EE3 /* ProcessingView.swift */,
				62B1C9E5292D2F86009F3EE3 /* ExportView.swift */,
				6289A612292F2E1D0090849E /* ARContainerView.swift */,
				62A9A121292FCDE6000776F2 /* VibrancyView.swift */,
			);
			path = UI;
			sourceTree = "<group>";
		};
		62B1C9CD292900CF009F3EE3 /* Delegate */ = {
			isa = PBXGroup;
			children = (
				62B1C9D2292B8616009F3EE3 /* OnDropDelegate.swift */,
				62B1C9DD292CC3F6009F3EE3 /* PhotogrammetryDelegate.swift */,
				6289A614292F33E40090849E /* ARContainerViewDelegate.swift */,
			);
			path = Delegate;
			sourceTree = "<group>";
		};
		62B1C9D4292B89DA009F3EE3 /* Types */ = {
			isa = PBXGroup;
			children = (
				62B1C9D5292B89F8009F3EE3 /* ApplicationViewState.swift */,
				62E3085F292DD9BA00AFD0DD /* PhotogrammetryDelegateError.swift */,
				6289A616292F5C570090849E /* ARContainerViewDelegateError.swift */,
			);
			path = Types;
			sourceTree = "<group>";
		};
/* End PBXGroup section */

/* Begin PBXNativeTarget section */
		62B1C9B22928E095009F3EE3 /* Photogrammetry */ = {
			isa = PBXNativeTarget;
			buildConfigurationList = 62B1C9C22928E096009F3EE3 /* Build configuration list for PBXNativeTarget "Photogrammetry" */;
			buildPhases = (
				62B1C9AF2928E095009F3EE3 /* Sources */,
				62B1C9B02928E095009F3EE3 /* Frameworks */,
				62B1C9B12928E095009F3EE3 /* Resources */,
			);
			buildRules = (
			);
			dependencies = (
			);
			name = Photogrammetry;
			productName = Photogrammetry;
			productReference = 62B1C9B32928E095009F3EE3 /* Photogrammetry.app */;
			productType = "com.apple.product-type.application";
		};
/* End PBXNativeTarget section */

/* Begin PBXProject section */
		62B1C9AB2928E095009F3EE3 /* Project object */ = {
			isa = PBXProject;
			attributes = {
				BuildIndependentTargetsInParallel = 1;
				LastSwiftUpdateCheck = 1410;
				LastUpgradeCheck = 1410;
				TargetAttributes = {
					62B1C9B22928E095009F3EE3 = {
						CreatedOnToolsVersion = 14.1;
					};
				};
			};
			buildConfigurationList = 62B1C9AE2928E095009F3EE3 /* Build configuration list for PBXProject "Photogrammetry" */;
			compatibilityVersion = "Xcode 14.0";
			developmentRegion = en;
			hasScannedForEncodings = 0;
			knownRegions = (
				en,
			);
			mainGroup = 62B1C9AA2928E095009F3EE3;
			productRefGroup = 62B1C9B42928E095009F3EE3 /* Products */;
			projectDirPath = "";
			projectRoot = "";
			targets = (
				62B1C9B22928E095009F3EE3 /* Photogrammetry */,
			);
		};
/* End PBXProject section */

/* Begin PBXResourcesBuildPhase section */
		62B1C9B12928E095009F3EE3 /* Resources */ = {
			isa = PBXResourcesBuildPhase;
			buildActionMask = 2147483647;
			files = (
				628AF6F92934F108001BBEDE /* README.md in Resources */,
				62B1C9BB2928E096009F3EE3 /* Assets.xcassets in Resources */,
				628AF6FB2934F119001BBEDE /* LICENSE in Resources */,
				628AF6F42934EE6B001BBEDE /* Localizable.strings in Resources */,
			);
			runOnlyForDeploymentPostprocessing = 0;
		};
/* End PBXResourcesBuildPhase section */

/* Begin PBXSourcesBuildPhase section */
		62B1C9AF2928E095009F3EE3 /* Sources */ = {
			isa = PBXSourcesBuildPhase;
			buildActionMask = 2147483647;
			files = (
				62B1C9B92928E095009F3EE3 /* ContentView.swift in Sources */,
				62B1C9DA292CAED5009F3EE3 /* ConfigurationView.swift in Sources */,
				62B1C9CC2928FF80009F3EE3 /* InputView.swift in Sources */,
				6289A617292F5C570090849E /* ARContainerViewDelegateError.swift in Sources */,
				62B1C9DE292CC3F6009F3EE3 /* PhotogrammetryDelegate.swift in Sources */,
				6289A615292F33E40090849E /* ARContainerViewDelegate.swift in Sources */,
				6289A613292F2E1D0090849E /* ARContainerView.swift in Sources */,
				62B1C9E0292CF924009F3EE3 /* PhotogrammetrySession.swift in Sources */,
				62B1C9D3292B8616009F3EE3 /* OnDropDelegate.swift in Sources */,
				62E30860292DD9BA00AFD0DD /* PhotogrammetryDelegateError.swift in Sources */,
				62B1C9E4292D2F2A009F3EE3 /* ProcessingView.swift in Sources */,
				62B1C9E6292D2F86009F3EE3 /* ExportView.swift in Sources */,
				62B1C9D6292B89F8009F3EE3 /* ApplicationViewState.swift in Sources */,
				62A9A122292FCDE6000776F2 /* VibrancyView.swift in Sources */,
				62B1C9B72928E095009F3EE3 /* PhotogrammetryApp.swift in Sources */,
				62B1C9DC292CB1C2009F3EE3 /* URL.swift in Sources */,
			);
			runOnlyForDeploymentPostprocessing = 0;
		};
/* End PBXSourcesBuildPhase section */

/* Begin PBXVariantGroup section */
		628AF6F62934EE6B001BBEDE /* Localizable.strings */ = {
			isa = PBXVariantGroup;
			children = (
				628AF6F52934EE6B001BBEDE /* en */,
			);
			name = Localizable.strings;
			sourceTree = "<group>";
		};
/* End PBXVariantGroup section */

/* Begin XCBuildConfiguration section */
		62B1C9C02928E096009F3EE3 /* Debug */ = {
			isa = XCBuildConfiguration;
			buildSettings = {
				ALWAYS_SEARCH_USER_PATHS = NO;
				CLANG_ANALYZER_NONNULL = YES;
				CLANG_ANALYZER_NUMBER_OBJECT_CONVERSION = YES_AGGRESSIVE;
				CLANG_CXX_LANGUAGE_STANDARD = "gnu++20";
				CLANG_ENABLE_MODULES = YES;
				CLANG_ENABLE_OBJC_ARC = YES;
				CLANG_ENABLE_OBJC_WEAK = YES;
				CLANG_WARN_BLOCK_CAPTURE_AUTORELEASING = YES;
				CLANG_WARN_BOOL_CONVERSION = YES;
				CLANG_WARN_COMMA = YES;
				CLANG_WARN_CONSTANT_CONVERSION = YES;
				CLANG_WARN_DEPRECATED_OBJC_IMPLEMENTATIONS = YES;
				CLANG_WARN_DIRECT_OBJC_ISA_USAGE = YES_ERROR;
				CLANG_WARN_DOCUMENTATION_COMMENTS = YES;
				CLANG_WARN_EMPTY_BODY = YES;
				CLANG_WARN_ENUM_CONVERSION = YES;
				CLANG_WARN_INFINITE_RECURSION = YES;
				CLANG_WARN_INT_CONVERSION = YES;
				CLANG_WARN_NON_LITERAL_NULL_CONVERSION = YES;
				CLANG_WARN_OBJC_IMPLICIT_RETAIN_SELF = YES;
				CLANG_WARN_OBJC_LITERAL_CONVERSION = YES;
				CLANG_WARN_OBJC_ROOT_CLASS = YES_ERROR;
				CLANG_WARN_QUOTED_INCLUDE_IN_FRAMEWORK_HEADER = YES;
				CLANG_WARN_RANGE_LOOP_ANALYSIS = YES;
				CLANG_WARN_STRICT_PROTOTYPES = YES;
				CLANG_WARN_SUSPICIOUS_MOVE = YES;
				CLANG_WARN_UNGUARDED_AVAILABILITY = YES_AGGRESSIVE;
				CLANG_WARN_UNREACHABLE_CODE = YES;
				CLANG_WARN__DUPLICATE_METHOD_MATCH = YES;
				COPY_PHASE_STRIP = NO;
				DEBUG_INFORMATION_FORMAT = dwarf;
				ENABLE_STRICT_OBJC_MSGSEND = YES;
				ENABLE_TESTABILITY = YES;
				GCC_C_LANGUAGE_STANDARD = gnu11;
				GCC_DYNAMIC_NO_PIC = NO;
				GCC_NO_COMMON_BLOCKS = YES;
				GCC_OPTIMIZATION_LEVEL = 0;
				GCC_PREPROCESSOR_DEFINITIONS = (
					"DEBUG=1",
					"$(inherited)",
				);
				GCC_WARN_64_TO_32_BIT_CONVERSION = YES;
				GCC_WARN_ABOUT_RETURN_TYPE = YES_ERROR;
				GCC_WARN_UNDECLARED_SELECTOR = YES;
				GCC_WARN_UNINITIALIZED_AUTOS = YES_AGGRESSIVE;
				GCC_WARN_UNUSED_FUNCTION = YES;
				GCC_WARN_UNUSED_VARIABLE = YES;
				MACOSX_DEPLOYMENT_TARGET = 13.0;
				MTL_ENABLE_DEBUG_INFO = INCLUDE_SOURCE;
				MTL_FAST_MATH = YES;
				ONLY_ACTIVE_ARCH = YES;
				SDKROOT = macosx;
				SWIFT_ACTIVE_COMPILATION_CONDITIONS = DEBUG;
				SWIFT_EMIT_LOC_STRINGS = YES;
				SWIFT_OPTIMIZATION_LEVEL = "-Onone";
			};
			name = Debug;
		};
		62B1C9C12928E096009F3EE3 /* Release */ = {
			isa = XCBuildConfiguration;
			buildSettings = {
				ALWAYS_SEARCH_USER_PATHS = NO;
				CLANG_ANALYZER_NONNULL = YES;
				CLANG_ANALYZER_NUMBER_OBJECT_CONVERSION = YES_AGGRESSIVE;
				CLANG_CXX_LANGUAGE_STANDARD = "gnu++20";
				CLANG_ENABLE_MODULES = YES;
				CLANG_ENABLE_OBJC_ARC = YES;
				CLANG_ENABLE_OBJC_WEAK = YES;
				CLANG_WARN_BLOCK_CAPTURE_AUTORELEASING = YES;
				CLANG_WARN_BOOL_CONVERSION = YES;
				CLANG_WARN_COMMA = YES;
				CLANG_WARN_CONSTANT_CONVERSION = YES;
				CLANG_WARN_DEPRECATED_OBJC_IMPLEMENTATIONS = YES;
				CLANG_WARN_DIRECT_OBJC_ISA_USAGE = YES_ERROR;
				CLANG_WARN_DOCUMENTATION_COMMENTS = YES;
				CLANG_WARN_EMPTY_BODY = YES;
				CLANG_WARN_ENUM_CONVERSION = YES;
				CLANG_WARN_INFINITE_RECURSION = YES;
				CLANG_WARN_INT_CONVERSION = YES;
				CLANG_WARN_NON_LITERAL_NULL_CONVERSION = YES;
				CLANG_WARN_OBJC_IMPLICIT_RETAIN_SELF = YES;
				CLANG_WARN_OBJC_LITERAL_CONVERSION = YES;
				CLANG_WARN_OBJC_ROOT_CLASS = YES_ERROR;
				CLANG_WARN_QUOTED_INCLUDE_IN_FRAMEWORK_HEADER = YES;
				CLANG_WARN_RANGE_LOOP_ANALYSIS = YES;
				CLANG_WARN_STRICT_PROTOTYPES = YES;
				CLANG_WARN_SUSPICIOUS_MOVE = YES;
				CLANG_WARN_UNGUARDED_AVAILABILITY = YES_AGGRESSIVE;
				CLANG_WARN_UNREACHABLE_CODE = YES;
				CLANG_WARN__DUPLICATE_METHOD_MATCH = YES;
				COPY_PHASE_STRIP = NO;
				DEBUG_INFORMATION_FORMAT = "dwarf-with-dsym";
				ENABLE_NS_ASSERTIONS = NO;
				ENABLE_STRICT_OBJC_MSGSEND = YES;
				GCC_C_LANGUAGE_STANDARD = gnu11;
				GCC_NO_COMMON_BLOCKS = YES;
				GCC_WARN_64_TO_32_BIT_CONVERSION = YES;
				GCC_WARN_ABOUT_RETURN_TYPE = YES_ERROR;
				GCC_WARN_UNDECLARED_SELECTOR = YES;
				GCC_WARN_UNINITIALIZED_AUTOS = YES_AGGRESSIVE;
				GCC_WARN_UNUSED_FUNCTION = YES;
				GCC_WARN_UNUSED_VARIABLE = YES;
				MACOSX_DEPLOYMENT_TARGET = 13.0;
				MTL_ENABLE_DEBUG_INFO = NO;
				MTL_FAST_MATH = YES;
				SDKROOT = macosx;
				SWIFT_COMPILATION_MODE = wholemodule;
				SWIFT_EMIT_LOC_STRINGS = YES;
				SWIFT_OPTIMIZATION_LEVEL = "-O";
			};
			name = Release;
		};
		62B1C9C32928E096009F3EE3 /* Debug */ = {
			isa = XCBuildConfiguration;
			buildSettings = {
				ASSETCATALOG_COMPILER_APPICON_NAME = AppIcon;
				ASSETCATALOG_COMPILER_GLOBAL_ACCENT_COLOR_NAME = AccentColor;
				CODE_SIGN_ENTITLEMENTS = Photogrammetry/Photogrammetry.entitlements;
				CODE_SIGN_STYLE = Automatic;
				COMBINE_HIDPI_IMAGES = YES;
				CURRENT_PROJECT_VERSION = 1;
				DEVELOPMENT_ASSET_PATHS = "";
				DEVELOPMENT_TEAM = TNBZ2XWR75;
				ENABLE_HARDENED_RUNTIME = YES;
				ENABLE_PREVIEWS = YES;
				GENERATE_INFOPLIST_FILE = YES;
				INFOPLIST_KEY_CFBundleDisplayName = Photogrammetry;
				INFOPLIST_KEY_LSApplicationCategoryType = "public.app-category.utilities";
				INFOPLIST_KEY_NSHumanReadableCopyright = "Made with Love by Unbinilium, 2022.";
				LD_RUNPATH_SEARCH_PATHS = (
					"$(inherited)",
					"@executable_path/../Frameworks",
				);
				MARKETING_VERSION = 1.0;
				PRODUCT_BUNDLE_IDENTIFIER = com.unbinilium.photogrammetry;
				PRODUCT_NAME = "$(TARGET_NAME)";
				SWIFT_EMIT_LOC_STRINGS = YES;
				SWIFT_VERSION = 5.0;
			};
			name = Debug;
		};
		62B1C9C42928E096009F3EE3 /* Release */ = {
			isa = XCBuildConfiguration;
			buildSettings = {
				ASSETCATALOG_COMPILER_APPICON_NAME = AppIcon;
				ASSETCATALOG_COMPILER_GLOBAL_ACCENT_COLOR_NAME = AccentColor;
				CODE_SIGN_ENTITLEMENTS = Photogrammetry/Photogrammetry.entitlements;
				CODE_SIGN_STYLE = Automatic;
				COMBINE_HIDPI_IMAGES = YES;
				CURRENT_PROJECT_VERSION = 1;
				DEVELOPMENT_ASSET_PATHS = "";
				DEVELOPMENT_TEAM = TNBZ2XWR75;
				ENABLE_HARDENED_RUNTIME = YES;
				ENABLE_PREVIEWS = YES;
				GENERATE_INFOPLIST_FILE = YES;
				INFOPLIST_KEY_CFBundleDisplayName = Photogrammetry;
				INFOPLIST_KEY_LSApplicationCategoryType = "public.app-category.utilities";
				INFOPLIST_KEY_NSHumanReadableCopyright = "Made with Love by Unbinilium, 2022.";
				LD_RUNPATH_SEARCH_PATHS = (
					"$(inherited)",
					"@executable_path/../Frameworks",
				);
				MARKETING_VERSION = 1.0;
				PRODUCT_BUNDLE_IDENTIFIER = com.unbinilium.photogrammetry;
				PRODUCT_NAME = "$(TARGET_NAME)";
				SWIFT_EMIT_LOC_STRINGS = YES;
				SWIFT_VERSION = 5.0;
			};
			name = Release;
		};
/* End XCBuildConfiguration section */

/* Begin XCConfigurationList section */
		62B1C9AE2928E095009F3EE3 /* Build configuration list for PBXProject "Photogrammetry" */ = {
			isa = XCConfigurationList;
			buildConfigurations = (
				62B1C9C02928E096009F3EE3 /* Debug */,
				62B1C9C12928E096009F3EE3 /* Release */,
			);
			defaultConfigurationIsVisible = 0;
			defaultConfigurationName = Release;
		};
		62B1C9C22928E096009F3EE3 /* Build configuration list for PBXNativeTarget "Photogrammetry" */ = {
			isa = XCConfigurationList;
			buildConfigurations = (
				62B1C9C32928E096009F3EE3 /* Debug */,
				62B1C9C42928E096009F3EE3 /* Release */,
			);
			defaultConfigurationIsVisible = 0;
			defaultConfigurationName = Release;
		};
/* End XCConfigurationList section */
	};
	rootObject = 62B1C9AB2928E095009F3EE3 /* Project object */;
}
